
Microsoft Visual Studio Solution File, Format Version 12.00
# Visual Studio Version 17
VisualStudioVersion = 17.9.34607.119
MinimumVisualStudioVersion = 10.0.40219.1
Project("{9A19103F-16F7-4668-BE54-9A1E7A4F7556}") = "ProjetPompier_AppWeb", "ProjetPompier_AppWeb\ProjetPompier_AppWeb.csproj", "{568AFE80-5C31-4726-A917-1879669AA318}"
EndProject
Project("{FAE04EC0-301F-11D3-BF4B-00C04F79EFBC}") = "TestUnitaireCaserneAppWeb", "TestUnitaireCaserneAppWeb\TestUnitaireCaserneAppWeb.csproj", "{731849FD-F481-4786-A0D0-49033B8EEF3F}"
EndProject
Global
	GlobalSection(SolutionConfigurationPlatforms) = preSolution
		Debug|Any CPU = Debug|Any CPU
		Release|Any CPU = Release|Any CPU
	EndGlobalSection
	GlobalSection(ProjectConfigurationPlatforms) = postSolution
		{568AFE80-5C31-4726-A917-1879669AA318}.Debug|Any CPU.ActiveCfg = Debug|Any CPU
		{568AFE80-5C31-4726-A917-1879669AA318}.Debug|Any CPU.Build.0 = Debug|Any CPU
		{568AFE80-5C31-4726-A917-1879669AA318}.Release|Any CPU.ActiveCfg = Release|Any CPU
		{568AFE80-5C31-4726-A917-1879669AA318}.Release|Any CPU.Build.0 = Release|Any CPU
		{731849FD-F481-4786-A0D0-49033B8EEF3F}.Debug|Any CPU.ActiveCfg = Debug|Any CPU
		{731849FD-F481-4786-A0D0-49033B8EEF3F}.Debug|Any CPU.Build.0 = Debug|Any CPU
		{731849FD-F481-4786-A0D0-49033B8EEF3F}.Release|Any CPU.ActiveCfg = Release|Any CPU
		{731849FD-F481-4786-A0D0-49033B8EEF3F}.Release|Any CPU.Build.0 = Release|Any CPU
	EndGlobalSection
	GlobalSection(SolutionProperties) = preSolution
		HideSolutionNode = FALSE
	EndGlobalSection
	GlobalSection(ExtensibilityGlobals) = postSolution
		SolutionGuid = {78D722DF-904A-4850-94C3-793342BA5677}
	EndGlobalSection
EndGlobal
